// !$*UTF8*$!
{
	archiveVersion = 1;
	classes = {
	};
	objectVersion = 56;
	objects = {

/* Begin PBXBuildFile section */
		2784BD3D2D9F25B6002A372B /* LandmarksApp.swift in Sources */ = {isa = PBXBuildFile; fileRef = 2784BD3C2D9F25B6002A372B /* LandmarksApp.swift */; };
		2784BD3F2D9F25B6002A372B /* ContentView.swift in Sources */ = {isa = PBXBuildFile; fileRef = 2784BD3E2D9F25B6002A372B /* ContentView.swift */; };
		2784BD442D9F25BA002A372B /* Preview Assets.xcassets in Resources */ = {isa = PBXBuildFile; fileRef = 2784BD432D9F25BA002A372B /* Preview Assets.xcassets */; };
		2784BD4B2D9F4E82002A372B /* CircleImage.swift in Sources */ = {isa = PBXBuildFile; fileRef = 2784BD4A2D9F4E82002A372B /* CircleImage.swift */; };
		2784BD4D2D9F547C002A372B /* MapView.swift in Sources */ = {isa = PBXBuildFile; fileRef = 2784BD4C2D9F547C002A372B /* MapView.swift */; };
		2784BDB62D9F5E39002A372B /* Landmark.swift..swift in Sources */ = {isa = PBXBuildFile; fileRef = 2784BDB52D9F5E39002A372B /* Landmark.swift..swift */; };
		2784BDB82D9F5EAC002A372B /* Assets.xcassets in Resources */ = {isa = PBXBuildFile; fileRef = 2784BDB72D9F5EAC002A372B /* Assets.xcassets */; };
		2784BDBA2D9F628B002A372B /* ModelData.swift in Sources */ = {isa = PBXBuildFile; fileRef = 2784BDB92D9F628A002A372B /* ModelData.swift */; };
		2784BDCD2D9F6320002A372B /* LICENSE.txt in Resources */ = {isa = PBXBuildFile; fileRef = 2784BDBF2D9F6320002A372B /* LICENSE.txt */; };
		2784BDCE2D9F6320002A372B /* umbagog@2x.jpg in Resources */ = {isa = PBXBuildFile; fileRef = 2784BDC12D9F6320002A372B /* umbagog@2x.jpg */; };
		2784BDCF2D9F6320002A372B /* twinlake@2x.jpg in Resources */ = {isa = PBXBuildFile; fileRef = 2784BDC22D9F6320002A372B /* twinlake@2x.jpg */; };
		2784BDD02D9F6320002A372B /* chincoteague@2x.jpg in Resources */ = {isa = PBXBuildFile; fileRef = 2784BDC32D9F6320002A372B /* chincoteague@2x.jpg */; };
		2784BDD12D9F6320002A372B /* lakemcdonald@2x.jpg in Resources */ = {isa = PBXBuildFile; fileRef = 2784BDC42D9F6320002A372B /* lakemcdonald@2x.jpg */; };
		2784BDD22D9F6320002A372B /* silversalmoncreek@2x.jpg in Resources */ = {isa = PBXBuildFile; fileRef = 2784BDC52D9F6320002A372B /* silversalmoncreek@2x.jpg */; };
		2784BDD32D9F6320002A372B /* icybay@2x.jpg in Resources */ = {isa = PBXBuildFile; fileRef = 2784BDC62D9F6320002A372B /* icybay@2x.jpg */; };
		2784BDD42D9F6320002A372B /* hiddenlake@2x.jpg in Resources */ = {isa = PBXBuildFile; fileRef = 2784BDC72D9F6320002A372B /* hiddenlake@2x.jpg */; };
		2784BDD52D9F6320002A372B /* chilkoottrail@2x.jpg in Resources */ = {isa = PBXBuildFile; fileRef = 2784BDC82D9F6320002A372B /* chilkoottrail@2x.jpg */; };
		2784BDD62D9F6320002A372B /* stmarylake@2x.jpg in Resources */ = {isa = PBXBuildFile; fileRef = 2784BDC92D9F6320002A372B /* stmarylake@2x.jpg */; };
		2784BDD72D9F6320002A372B /* charleyrivers@2x.jpg in Resources */ = {isa = PBXBuildFile; fileRef = 2784BDCA2D9F6320002A372B /* charleyrivers@2x.jpg */; };
		2784BDD82D9F6320002A372B /* rainbowlake@2x.jpg in Resources */ = {isa = PBXBuildFile; fileRef = 2784BDCB2D9F6320002A372B /* rainbowlake@2x.jpg */; };
		2784BDD92D9F6320002A372B /* landmarkData.json in Resources */ = {isa = PBXBuildFile; fileRef = 2784BDCC2D9F6320002A372B /* landmarkData.json */; };
		2784BDDD2D9F63F6002A372B /* LandmarkRow.swift in Sources */ = {isa = PBXBuildFile; fileRef = 2784BDDC2D9F63F6002A372B /* LandmarkRow.swift */; };
		2784BDDF2D9F67E5002A372B /* LandmarkList.swift in Sources */ = {isa = PBXBuildFile; fileRef = 2784BDDE2D9F67E5002A372B /* LandmarkList.swift */; };
/* End PBXBuildFile section */

/* Begin PBXFileReference section */
		2784BD392D9F25B6002A372B /* Landmarks.app */ = {isa = PBXFileReference; explicitFileType = wrapper.application; includeInIndex = 0; path = Landmarks.app; sourceTree = BUILT_PRODUCTS_DIR; };
		2784BD3C2D9F25B6002A372B /* LandmarksApp.swift */ = {isa = PBXFileReference; lastKnownFileType = sourcecode.swift; path = LandmarksApp.swift; sourceTree = "<group>"; };
		2784BD3E2D9F25B6002A372B /* ContentView.swift */ = {isa = PBXFileReference; lastKnownFileType = sourcecode.swift; path = ContentView.swift; sourceTree = "<group>"; };
		2784BD432D9F25BA002A372B /* Preview Assets.xcassets */ = {isa = PBXFileReference; lastKnownFileType = folder.assetcatalog; path = "Preview Assets.xcassets"; sourceTree = "<group>"; };
		2784BD4A2D9F4E82002A372B /* CircleImage.swift */ = {isa = PBXFileReference; lastKnownFileType = sourcecode.swift; path = CircleImage.swift; sourceTree = "<group>"; };
		2784BD4C2D9F547C002A372B /* MapView.swift */ = {isa = PBXFileReference; lastKnownFileType = sourcecode.swift; path = MapView.swift; sourceTree = "<group>"; };
		2784BDB52D9F5E39002A372B /* Landmark.swift..swift */ = {isa = PBXFileReference; lastKnownFileType = sourcecode.swift; path = Landmark.swift..swift; sourceTree = "<group>"; };
		2784BDB72D9F5EAC002A372B /* Assets.xcassets */ = {isa = PBXFileReference; lastKnownFileType = folder.assetcatalog; path = Assets.xcassets; sourceTree = "<group>"; };
		2784BDB92D9F628A002A372B /* ModelData.swift */ = {isa = PBXFileReference; lastKnownFileType = sourcecode.swift; path = ModelData.swift; sourceTree = "<group>"; };
		2784BDBF2D9F6320002A372B /* LICENSE.txt */ = {isa = PBXFileReference; fileEncoding = 4; lastKnownFileType = text; path = LICENSE.txt; sourceTree = "<group>"; };
		2784BDC12D9F6320002A372B /* umbagog@2x.jpg */ = {isa = PBXFileReference; lastKnownFileType = image.jpeg; path = "umbagog@2x.jpg"; sourceTree = "<group>"; };
		2784BDC22D9F6320002A372B /* twinlake@2x.jpg */ = {isa = PBXFileReference; lastKnownFileType = image.jpeg; path = "twinlake@2x.jpg"; sourceTree = "<group>"; };
		2784BDC32D9F6320002A372B /* chincoteague@2x.jpg */ = {isa = PBXFileReference; lastKnownFileType = image.jpeg; path = "chincoteague@2x.jpg"; sourceTree = "<group>"; };
		2784BDC42D9F6320002A372B /* lakemcdonald@2x.jpg */ = {isa = PBXFileReference; lastKnownFileType = image.jpeg; path = "lakemcdonald@2x.jpg"; sourceTree = "<group>"; };
		2784BDC52D9F6320002A372B /* silversalmoncreek@2x.jpg */ = {isa = PBXFileReference; lastKnownFileType = image.jpeg; path = "silversalmoncreek@2x.jpg"; sourceTree = "<group>"; };
		2784BDC62D9F6320002A372B /* icybay@2x.jpg */ = {isa = PBXFileReference; lastKnownFileType = image.jpeg; path = "icybay@2x.jpg"; sourceTree = "<group>"; };
		2784BDC72D9F6320002A372B /* hiddenlake@2x.jpg */ = {isa = PBXFileReference; lastKnownFileType = image.jpeg; path = "hiddenlake@2x.jpg"; sourceTree = "<group>"; };
		2784BDC82D9F6320002A372B /* chilkoottrail@2x.jpg */ = {isa = PBXFileReference; lastKnownFileType = image.jpeg; path = "chilkoottrail@2x.jpg"; sourceTree = "<group>"; };
		2784BDC92D9F6320002A372B /* stmarylake@2x.jpg */ = {isa = PBXFileReference; lastKnownFileType = image.jpeg; path = "stmarylake@2x.jpg"; sourceTree = "<group>"; };
		2784BDCA2D9F6320002A372B /* charleyrivers@2x.jpg */ = {isa = PBXFileReference; lastKnownFileType = image.jpeg; path = "charleyrivers@2x.jpg"; sourceTree = "<group>"; };
		2784BDCB2D9F6320002A372B /* rainbowlake@2x.jpg */ = {isa = PBXFileReference; lastKnownFileType = image.jpeg; path = "rainbowlake@2x.jpg"; sourceTree = "<group>"; };
		2784BDCC2D9F6320002A372B /* landmarkData.json */ = {isa = PBXFileReference; fileEncoding = 4; lastKnownFileType = text.json; path = landmarkData.json; sourceTree = "<group>"; };
		2784BDDC2D9F63F6002A372B /* LandmarkRow.swift */ = {isa = PBXFileReference; lastKnownFileType = sourcecode.swift; path = LandmarkRow.swift; sourceTree = "<group>"; };
		2784BDDE2D9F67E5002A372B /* LandmarkList.swift */ = {isa = PBXFileReference; lastKnownFileType = sourcecode.swift; name = LandmarkList.swift; path = Landmarks/LandmarkList.swift; sourceTree = SOURCE_ROOT; };
/* End PBXFileReference section */

/* Begin PBXFrameworksBuildPhase section */
		2784BD362D9F25B6002A372B /* Frameworks */ = {
			isa = PBXFrameworksBuildPhase;
			buildActionMask = 2147483647;
			files = (
			);
			runOnlyForDeploymentPostprocessing = 0;
		};
/* End PBXFrameworksBuildPhase section */

/* Begin PBXGroup section */
		2784BD302D9F25B6002A372B = {
			isa = PBXGroup;
			children = (
				2784BD3B2D9F25B6002A372B /* Landmarks */,
				2784BD3A2D9F25B6002A372B /* Products */,
			);
			sourceTree = "<group>";
		};
		2784BD3A2D9F25B6002A372B /* Products */ = {
			isa = PBXGroup;
			children = (
				2784BD392D9F25B6002A372B /* Landmarks.app */,
			);
			name = Products;
			sourceTree = "<group>";
		};
		2784BD3B2D9F25B6002A372B /* Landmarks */ = {
			isa = PBXGroup;
			children = (
				2784BD3C2D9F25B6002A372B /* LandmarksApp.swift */,
				2784BDBC2D9F62D6002A372B /* Model */,
				2784BDBB2D9F62BE002A372B /* Views */,
				2784BDB72D9F5EAC002A372B /* Assets.xcassets */,
				2784BDBD2D9F6320002A372B /* Resources */,
				2784BD422D9F25BA002A372B /* Preview Content */,
			);
			path = Landmarks;
			sourceTree = "<group>";
		};
		2784BD422D9F25BA002A372B /* Preview Content */ = {
			isa = PBXGroup;
			children = (
				2784BD432D9F25BA002A372B /* Preview Assets.xcassets */,
			);
			path = "Preview Content";
			sourceTree = "<group>";
		};
		2784BDBB2D9F62BE002A372B /* Views */ = {
			isa = PBXGroup;
			children = (
				2784BDDE2D9F67E5002A372B /* LandmarkList.swift */,
				2784BD4A2D9F4E82002A372B /* CircleImage.swift */,
				2784BD4C2D9F547C002A372B /* MapView.swift */,
				2784BD3E2D9F25B6002A372B /* ContentView.swift */,
				2784BDDC2D9F63F6002A372B /* LandmarkRow.swift */,
			);
			path = Views;
			sourceTree = "<group>";
		};
		2784BDBC2D9F62D6002A372B /* Model */ = {
			isa = PBXGroup;
			children = (
				2784BDB52D9F5E39002A372B /* Landmark.swift..swift */,
				2784BDB92D9F628A002A372B /* ModelData.swift */,
			);
			path = Model;
			sourceTree = "<group>";
		};
		2784BDBD2D9F6320002A372B /* Resources */ = {
			isa = PBXGroup;
			children = (
				2784BDBE2D9F6320002A372B /* LICENSE */,
				2784BDC02D9F6320002A372B /* Images */,
				2784BDCC2D9F6320002A372B /* landmarkData.json */,
			);
			path = Resources;
			sourceTree = "<group>";
		};
		2784BDBE2D9F6320002A372B /* LICENSE */ = {
			isa = PBXGroup;
			children = (
				2784BDBF2D9F6320002A372B /* LICENSE.txt */,
			);
			path = LICENSE;
			sourceTree = "<group>";
		};
		2784BDC02D9F6320002A372B /* Images */ = {
			isa = PBXGroup;
			children = (
				2784BDC12D9F6320002A372B /* umbagog@2x.jpg */,
				2784BDC22D9F6320002A372B /* twinlake@2x.jpg */,
				2784BDC32D9F6320002A372B /* chincoteague@2x.jpg */,
				2784BDC42D9F6320002A372B /* lakemcdonald@2x.jpg */,
				2784BDC52D9F6320002A372B /* silversalmoncreek@2x.jpg */,
				2784BDC62D9F6320002A372B /* icybay@2x.jpg */,
				2784BDC72D9F6320002A372B /* hiddenlake@2x.jpg */,
				2784BDC82D9F6320002A372B /* chilkoottrail@2x.jpg */,
				2784BDC92D9F6320002A372B /* stmarylake@2x.jpg */,
				2784BDCA2D9F6320002A372B /* charleyrivers@2x.jpg */,
				2784BDCB2D9F6320002A372B /* rainbowlake@2x.jpg */,
			);
			path = Images;
			sourceTree = "<group>";
		};
/* End PBXGroup section */

/* Begin PBXNativeTarget section */
		2784BD382D9F25B6002A372B /* Landmarks */ = {
			isa = PBXNativeTarget;
			buildConfigurationList = 2784BD472D9F25BA002A372B /* Build configuration list for PBXNativeTarget "Landmarks" */;
			buildPhases = (
				2784BD352D9F25B6002A372B /* Sources */,
				2784BD362D9F25B6002A372B /* Frameworks */,
				2784BD372D9F25B6002A372B /* Resources */,
			);
			buildRules = (
			);
			dependencies = (
			);
			name = Landmarks;
			productName = Landmarks;
			productReference = 2784BD392D9F25B6002A372B /* Landmarks.app */;
			productType = "com.apple.product-type.application";
		};
/* End PBXNativeTarget section */

/* Begin PBXProject section */
		2784BD312D9F25B6002A372B /* Project object */ = {
			isa = PBXProject;
			attributes = {
				BuildIndependentTargetsInParallel = 1;
				LastSwiftUpdateCheck = 1500;
				LastUpgradeCheck = 1500;
				TargetAttributes = {
					2784BD382D9F25B6002A372B = {
						CreatedOnToolsVersion = 15.0;
					};
				};
			};
			buildConfigurationList = 2784BD342D9F25B6002A372B /* Build configuration list for PBXProject "Landmarks" */;
			compatibilityVersion = "Xcode 14.0";
			developmentRegion = en;
			hasScannedForEncodings = 0;
			knownRegions = (
				en,
				Base,
			);
			mainGroup = 2784BD302D9F25B6002A372B;
			productRefGroup = 2784BD3A2D9F25B6002A372B /* Products */;
			projectDirPath = "";
			projectRoot = "";
			targets = (
				2784BD382D9F25B6002A372B /* Landmarks */,
			);
		};
/* End PBXProject section */

/* Begin PBXResourcesBuildPhase section */
		2784BD372D9F25B6002A372B /* Resources */ = {
			isa = PBXResourcesBuildPhase;
			buildActionMask = 2147483647;
			files = (
				2784BDD72D9F6320002A372B /* charleyrivers@2x.jpg in Resources */,
				2784BDCD2D9F6320002A372B /* LICENSE.txt in Resources */,
				2784BDD42D9F6320002A372B /* hiddenlake@2x.jpg in Resources */,
				2784BDCE2D9F6320002A372B /* umbagog@2x.jpg in Resources */,
				2784BDD82D9F6320002A372B /* rainbowlake@2x.jpg in Resources */,
				2784BDD32D9F6320002A372B /* icybay@2x.jpg in Resources */,
				2784BDD22D9F6320002A372B /* silversalmoncreek@2x.jpg in Resources */,
				2784BDB82D9F5EAC002A372B /* Assets.xcassets in Resources */,
				2784BDD92D9F6320002A372B /* landmarkData.json in Resources */,
				2784BDCF2D9F6320002A372B /* twinlake@2x.jpg in Resources */,
				2784BDD62D9F6320002A372B /* stmarylake@2x.jpg in Resources */,
				2784BDD12D9F6320002A372B /* lakemcdonald@2x.jpg in Resources */,
				2784BDD52D9F6320002A372B /* chilkoottrail@2x.jpg in Resources */,
				2784BD442D9F25BA002A372B /* Preview Assets.xcassets in Resources */,
				2784BDD02D9F6320002A372B /* chincoteague@2x.jpg in Resources */,
			);
			runOnlyForDeploymentPostprocessing = 0;
		};
/* End PBXResourcesBuildPhase section */

/* Begin PBXSourcesBuildPhase section */
		2784BD352D9F25B6002A372B /* Sources */ = {
			isa = PBXSourcesBuildPhase;
			buildActionMask = 2147483647;
			files = (
				2784BD3F2D9F25B6002A372B /* ContentView.swift in Sources */,
				2784BD4D2D9F547C002A372B /* MapView.swift in Sources */,
				2784BD3D2D9F25B6002A372B /* LandmarksApp.swift in Sources */,
				2784BDDF2D9F67E5002A372B /* LandmarkList.swift in Sources */,
				2784BD4B2D9F4E82002A372B /* CircleImage.swift in Sources */,
				2784BDB62D9F5E39002A372B /* Landmark.swift..swift in Sources */,
				2784BDDD2D9F63F6002A372B /* LandmarkRow.swift in Sources */,
				2784BDBA2D9F628B002A372B /* ModelData.swift in Sources */,
			);
			runOnlyForDeploymentPostprocessing = 0;
		};
/* End PBXSourcesBuildPhase section */

/* Begin XCBuildConfiguration section */
		2784BD452D9F25BA002A372B /* Debug */ = {
			isa = XCBuildConfiguration;
			buildSettings = {
				ALWAYS_SEARCH_USER_PATHS = NO;
				ASSETCATALOG_COMPILER_GENERATE_SWIFT_ASSET_SYMBOL_EXTENSIONS = YES;
				CLANG_ANALYZER_NONNULL = YES;
				CLANG_ANALYZER_NUMBER_OBJECT_CONVERSION = YES_AGGRESSIVE;
				CLANG_CXX_LANGUAGE_STANDARD = "gnu++20";
				CLANG_ENABLE_MODULES = YES;
				CLANG_ENABLE_OBJC_ARC = YES;
				CLANG_ENABLE_OBJC_WEAK = YES;
				CLANG_WARN_BLOCK_CAPTURE_AUTORELEASING = YES;
				CLANG_WARN_BOOL_CONVERSION = YES;
				CLANG_WARN_COMMA = YES;
				CLANG_WARN_CONSTANT_CONVERSION = YES;
				CLANG_WARN_DEPRECATED_OBJC_IMPLEMENTATIONS = YES;
				CLANG_WARN_DIRECT_OBJC_ISA_USAGE = YES_ERROR;
				CLANG_WARN_DOCUMENTATION_COMMENTS = YES;
				CLANG_WARN_EMPTY_BODY = YES;
				CLANG_WARN_ENUM_CONVERSION = YES;
				CLANG_WARN_INFINITE_RECURSION = YES;
				CLANG_WARN_INT_CONVERSION = YES;
				CLANG_WARN_NON_LITERAL_NULL_CONVERSION = YES;
				CLANG_WARN_OBJC_IMPLICIT_RETAIN_SELF = YES;
				CLANG_WARN_OBJC_LITERAL_CONVERSION = YES;
				CLANG_WARN_OBJC_ROOT_CLASS = YES_ERROR;
				CLANG_WARN_QUOTED_INCLUDE_IN_FRAMEWORK_HEADER = YES;
				CLANG_WARN_RANGE_LOOP_ANALYSIS = YES;
				CLANG_WARN_STRICT_PROTOTYPES = YES;
				CLANG_WARN_SUSPICIOUS_MOVE = YES;
				CLANG_WARN_UNGUARDED_AVAILABILITY = YES_AGGRESSIVE;
				CLANG_WARN_UNREACHABLE_CODE = YES;
				CLANG_WARN__DUPLICATE_METHOD_MATCH = YES;
				COPY_PHASE_STRIP = NO;
				DEBUG_INFORMATION_FORMAT = dwarf;
				ENABLE_STRICT_OBJC_MSGSEND = YES;
				ENABLE_TESTABILITY = YES;
				ENABLE_USER_SCRIPT_SANDBOXING = YES;
				GCC_C_LANGUAGE_STANDARD = gnu17;
				GCC_DYNAMIC_NO_PIC = NO;
				GCC_NO_COMMON_BLOCKS = YES;
				GCC_OPTIMIZATION_LEVEL = 0;
				GCC_PREPROCESSOR_DEFINITIONS = (
					"DEBUG=1",
					"$(inherited)",
				);
				GCC_WARN_64_TO_32_BIT_CONVERSION = YES;
				GCC_WARN_ABOUT_RETURN_TYPE = YES_ERROR;
				GCC_WARN_UNDECLARED_SELECTOR = YES;
				GCC_WARN_UNINITIALIZED_AUTOS = YES_AGGRESSIVE;
				GCC_WARN_UNUSED_FUNCTION = YES;
				GCC_WARN_UNUSED_VARIABLE = YES;
				IPHONEOS_DEPLOYMENT_TARGET = 17.0;
				LOCALIZATION_PREFERS_STRING_CATALOGS = YES;
				MTL_ENABLE_DEBUG_INFO = INCLUDE_SOURCE;
				MTL_FAST_MATH = YES;
				ONLY_ACTIVE_ARCH = YES;
				SDKROOT = iphoneos;
				SWIFT_ACTIVE_COMPILATION_CONDITIONS = "DEBUG $(inherited)";
				SWIFT_OPTIMIZATION_LEVEL = "-Onone";
			};
			name = Debug;
		};
		2784BD462D9F25BA002A372B /* Release */ = {
			isa = XCBuildConfiguration;
			buildSettings = {
				ALWAYS_SEARCH_USER_PATHS = NO;
				ASSETCATALOG_COMPILER_GENERATE_SWIFT_ASSET_SYMBOL_EXTENSIONS = YES;
				CLANG_ANALYZER_NONNULL = YES;
				CLANG_ANALYZER_NUMBER_OBJECT_CONVERSION = YES_AGGRESSIVE;
				CLANG_CXX_LANGUAGE_STANDARD = "gnu++20";
				CLANG_ENABLE_MODULES = YES;
				CLANG_ENABLE_OBJC_ARC = YES;
				CLANG_ENABLE_OBJC_WEAK = YES;
				CLANG_WARN_BLOCK_CAPTURE_AUTORELEASING = YES;
				CLANG_WARN_BOOL_CONVERSION = YES;
				CLANG_WARN_COMMA = YES;
				CLANG_WARN_CONSTANT_CONVERSION = YES;
				CLANG_WARN_DEPRECATED_OBJC_IMPLEMENTATIONS = YES;
				CLANG_WARN_DIRECT_OBJC_ISA_USAGE = YES_ERROR;
				CLANG_WARN_DOCUMENTATION_COMMENTS = YES;
				CLANG_WARN_EMPTY_BODY = YES;
				CLANG_WARN_ENUM_CONVERSION = YES;
				CLANG_WARN_INFINITE_RECURSION = YES;
				CLANG_WARN_INT_CONVERSION = YES;
				CLANG_WARN_NON_LITERAL_NULL_CONVERSION = YES;
				CLANG_WARN_OBJC_IMPLICIT_RETAIN_SELF = YES;
				CLANG_WARN_OBJC_LITERAL_CONVERSION = YES;
				CLANG_WARN_OBJC_ROOT_CLASS = YES_ERROR;
				CLANG_WARN_QUOTED_INCLUDE_IN_FRAMEWORK_HEADER = YES;
				CLANG_WARN_RANGE_LOOP_ANALYSIS = YES;
				CLANG_WARN_STRICT_PROTOTYPES = YES;
				CLANG_WARN_SUSPICIOUS_MOVE = YES;
				CLANG_WARN_UNGUARDED_AVAILABILITY = YES_AGGRESSIVE;
				CLANG_WARN_UNREACHABLE_CODE = YES;
				CLANG_WARN__DUPLICATE_METHOD_MATCH = YES;
				COPY_PHASE_STRIP = NO;
				DEBUG_INFORMATION_FORMAT = "dwarf-with-dsym";
				ENABLE_NS_ASSERTIONS = NO;
				ENABLE_STRICT_OBJC_MSGSEND = YES;
				ENABLE_USER_SCRIPT_SANDBOXING = YES;
				GCC_C_LANGUAGE_STANDARD = gnu17;
				GCC_NO_COMMON_BLOCKS = YES;
				GCC_WARN_64_TO_32_BIT_CONVERSION = YES;
				GCC_WARN_ABOUT_RETURN_TYPE = YES_ERROR;
				GCC_WARN_UNDECLARED_SELECTOR = YES;
				GCC_WARN_UNINITIALIZED_AUTOS = YES_AGGRESSIVE;
				GCC_WARN_UNUSED_FUNCTION = YES;
				GCC_WARN_UNUSED_VARIABLE = YES;
				IPHONEOS_DEPLOYMENT_TARGET = 17.0;
				LOCALIZATION_PREFERS_STRING_CATALOGS = YES;
				MTL_ENABLE_DEBUG_INFO = NO;
				MTL_FAST_MATH = YES;
				SDKROOT = iphoneos;
				SWIFT_COMPILATION_MODE = wholemodule;
				VALIDATE_PRODUCT = YES;
			};
			name = Release;
		};
		2784BD482D9F25BA002A372B /* Debug */ = {
			isa = XCBuildConfiguration;
			buildSettings = {
				ASSETCATALOG_COMPILER_APPICON_NAME = AppIcon;
				ASSETCATALOG_COMPILER_GLOBAL_ACCENT_COLOR_NAME = AccentColor;
				CODE_SIGN_STYLE = Automatic;
				CURRENT_PROJECT_VERSION = 1;
				DEVELOPMENT_ASSET_PATHS = "\"Landmarks/Preview Content\"";
				DEVELOPMENT_TEAM = 9979BN6G3A;
				ENABLE_PREVIEWS = YES;
				GENERATE_INFOPLIST_FILE = YES;
				INFOPLIST_KEY_UIApplicationSceneManifest_Generation = YES;
				INFOPLIST_KEY_UIApplicationSupportsIndirectInputEvents = YES;
				INFOPLIST_KEY_UILaunchScreen_Generation = YES;
				INFOPLIST_KEY_UISupportedInterfaceOrientations_iPad = "UIInterfaceOrientationPortrait UIInterfaceOrientationPortraitUpsideDown UIInterfaceOrientationLandscapeLeft UIInterfaceOrientationLandscapeRight";
				INFOPLIST_KEY_UISupportedInterfaceOrientations_iPhone = "UIInterfaceOrientationPortrait UIInterfaceOrientationLandscapeLeft UIInterfaceOrientationLandscapeRight";
				LD_RUNPATH_SEARCH_PATHS = (
					"$(inherited)",
					"@executable_path/Frameworks",
				);
				MARKETING_VERSION = 1.0;
				PRODUCT_BUNDLE_IDENTIFIER = Landmarksapp.Landmarks;
				PRODUCT_NAME = "$(TARGET_NAME)";
				SWIFT_EMIT_LOC_STRINGS = YES;
				SWIFT_VERSION = 5.0;
				TARGETED_DEVICE_FAMILY = "1,2";
			};
			name = Debug;
		};
		2784BD492D9F25BA002A372B /* Release */ = {
			isa = XCBuildConfiguration;
			buildSettings = {
				ASSETCATALOG_COMPILER_APPICON_NAME = AppIcon;
				ASSETCATALOG_COMPILER_GLOBAL_ACCENT_COLOR_NAME = AccentColor;
				CODE_SIGN_STYLE = Automatic;
				CURRENT_PROJECT_VERSION = 1;
				DEVELOPMENT_ASSET_PATHS = "\"Landmarks/Preview Content\"";
				DEVELOPMENT_TEAM = 9979BN6G3A;
				ENABLE_PREVIEWS = YES;
				GENERATE_INFOPLIST_FILE = YES;
				INFOPLIST_KEY_UIApplicationSceneManifest_Generation = YES;
				INFOPLIST_KEY_UIApplicationSupportsIndirectInputEvents = YES;
				INFOPLIST_KEY_UILaunchScreen_Generation = YES;
				INFOPLIST_KEY_UISupportedInterfaceOrientations_iPad = "UIInterfaceOrientationPortrait UIInterfaceOrientationPortraitUpsideDown UIInterfaceOrientationLandscapeLeft UIInterfaceOrientationLandscapeRight";
				INFOPLIST_KEY_UISupportedInterfaceOrientations_iPhone = "UIInterfaceOrientationPortrait UIInterfaceOrientationLandscapeLeft UIInterfaceOrientationLandscapeRight";
				LD_RUNPATH_SEARCH_PATHS = (
					"$(inherited)",
					"@executable_path/Frameworks",
				);
				MARKETING_VERSION = 1.0;
				PRODUCT_BUNDLE_IDENTIFIER = Landmarksapp.Landmarks;
				PRODUCT_NAME = "$(TARGET_NAME)";
				SWIFT_EMIT_LOC_STRINGS = YES;
				SWIFT_VERSION = 5.0;
				TARGETED_DEVICE_FAMILY = "1,2";
			};
			name = Release;
		};
/* End XCBuildConfiguration section */

/* Begin XCConfigurationList section */
		2784BD342D9F25B6002A372B /* Build configuration list for PBXProject "Landmarks" */ = {
			isa = XCConfigurationList;
			buildConfigurations = (
				2784BD452D9F25BA002A372B /* Debug */,
				2784BD462D9F25BA002A372B /* Release */,
			);
			defaultConfigurationIsVisible = 0;
			defaultConfigurationName = Release;
		};
		2784BD472D9F25BA002A372B /* Build configuration list for PBXNativeTarget "Landmarks" */ = {
			isa = XCConfigurationList;
			buildConfigurations = (
				2784BD482D9F25BA002A372B /* Debug */,
				2784BD492D9F25BA002A372B /* Release */,
			);
			defaultConfigurationIsVisible = 0;
			defaultConfigurationName = Release;
		};
/* End XCConfigurationList section */
	};
	rootObject = 2784BD312D9F25B6002A372B /* Project object */;
}
